
Microsoft Visual Studio Solution File, Format Version 12.00
# Visual Studio Version 17
VisualStudioVersion = 17.0.31919.166
MinimumVisualStudioVersion = 10.0.40219.1
Project("{FAE04EC0-301F-11D3-BF4B-00C04F79EFBC}") = "Micro.ApiGateway", "Micro.ApiGateway\Micro.ApiGateway.csproj", "{DD755E90-E0C5-4460-9C6E-EF3C7BFF9988}"
EndProject
Global
	GlobalSection(SolutionConfigurationPlatforms) = preSolution
		Debug|Any CPU = Debug|Any CPU
		Release|Any CPU = Release|Any CPU
	EndGlobalSection
	GlobalSection(ProjectConfigurationPlatforms) = postSolution
		{DD755E90-E0C5-4460-9C6E-EF3C7BFF9988}.Debug|Any CPU.ActiveCfg = Debug|Any CPU
		{DD755E90-E0C5-4460-9C6E-EF3C7BFF9988}.Debug|Any CPU.Build.0 = Debug|Any CPU
		{DD755E90-E0C5-4460-9C6E-EF3C7BFF9988}.Release|Any CPU.ActiveCfg = Release|Any CPU
		{DD755E90-E0C5-4460-9C6E-EF3C7BFF9988}.Release|Any CPU.Build.0 = Release|Any CPU
	EndGlobalSection
	GlobalSection(SolutionProperties) = preSolution
		HideSolutionNode = FALSE
	EndGlobalSection
	GlobalSection(ExtensibilityGlobals) = postSolution
		SolutionGuid = {809CC712-A045-42F8-9DED-7669961C0EE4}
	EndGlobalSection
EndGlobal
